
Microsoft Visual Studio Solution File, Format Version 12.00
# Visual Studio Version 17
VisualStudioVersion = 17.11.35303.130
MinimumVisualStudioVersion = 10.0.40219.1
Project("{2150E333-8FDC-42A3-9474-1A3956D46DE8}") = "Infra.Data", "Infra.Data", "{DF4AB08D-3290-4153-B54B-C13F754C1806}"
EndProject
Project("{2150E333-8FDC-42A3-9474-1A3956D46DE8}") = "Application", "Application", "{EC17AE34-9D6E-4C1E-BCE7-AB3AE2860A1F}"
EndProject
Project("{2150E333-8FDC-42A3-9474-1A3956D46DE8}") = "Presentation", "Presentation", "{89A9FE59-B147-428B-88FF-B5EA98F6B33A}"
EndProject
Project("{2150E333-8FDC-42A3-9474-1A3956D46DE8}") = "Infra.IoC", "Infra.IoC", "{72E9041E-DC70-46CB-9754-8B7CDA7F59E4}"
EndProject
Project("{2150E333-8FDC-42A3-9474-1A3956D46DE8}") = "Domain", "Domain", "{2C7E29B2-9888-4912-85A5-11381D45304D}"
EndProject
Project("{9A19103F-16F7-4668-BE54-9A1E7A4F7556}") = "Project.Application", "Project.Application\Project.Application.csproj", "{20B127D4-593E-48D3-A4C1-EE82DD59CF10}"
EndProject
Project("{9A19103F-16F7-4668-BE54-9A1E7A4F7556}") = "Project.Domain", "Project.Domain\Project.Domain.csproj", "{FFE2E485-38CB-4BB4-A758-D7C9A4EBA275}"
EndProject
Project("{9A19103F-16F7-4668-BE54-9A1E7A4F7556}") = "Project.Infra.Data", "Project.Infra.Data\Project.Infra.Data.csproj", "{4933E939-437D-47D5-AB86-256F713B707D}"
EndProject
Project("{9A19103F-16F7-4668-BE54-9A1E7A4F7556}") = "Project.Infra.IoC", "Project.Infra.IoC\Project.Infra.IoC.csproj", "{BEF0846C-6697-43CE-A188-0BDB14195CAC}"
EndProject
Project("{FAE04EC0-301F-11D3-BF4B-00C04F79EFBC}") = "Project.Presentation", "Project.Presentation\Project.Presentation.csproj", "{1BDF2A4D-7F65-4D91-A0BA-F4D0D2958F45}"
EndProject
Global
	GlobalSection(SolutionConfigurationPlatforms) = preSolution
		Debug|Any CPU = Debug|Any CPU
		Release|Any CPU = Release|Any CPU
	EndGlobalSection
	GlobalSection(ProjectConfigurationPlatforms) = postSolution
		{20B127D4-593E-48D3-A4C1-EE82DD59CF10}.Debug|Any CPU.ActiveCfg = Debug|Any CPU
		{20B127D4-593E-48D3-A4C1-EE82DD59CF10}.Debug|Any CPU.Build.0 = Debug|Any CPU
		{20B127D4-593E-48D3-A4C1-EE82DD59CF10}.Release|Any CPU.ActiveCfg = Release|Any CPU
		{20B127D4-593E-48D3-A4C1-EE82DD59CF10}.Release|Any CPU.Build.0 = Release|Any CPU
		{FFE2E485-38CB-4BB4-A758-D7C9A4EBA275}.Debug|Any CPU.ActiveCfg = Debug|Any CPU
		{FFE2E485-38CB-4BB4-A758-D7C9A4EBA275}.Debug|Any CPU.Build.0 = Debug|Any CPU
		{FFE2E485-38CB-4BB4-A758-D7C9A4EBA275}.Release|Any CPU.ActiveCfg = Release|Any CPU
		{FFE2E485-38CB-4BB4-A758-D7C9A4EBA275}.Release|Any CPU.Build.0 = Release|Any CPU
		{4933E939-437D-47D5-AB86-256F713B707D}.Debug|Any CPU.ActiveCfg = Debug|Any CPU
		{4933E939-437D-47D5-AB86-256F713B707D}.Debug|Any CPU.Build.0 = Debug|Any CPU
		{4933E939-437D-47D5-AB86-256F713B707D}.Release|Any CPU.ActiveCfg = Release|Any CPU
		{4933E939-437D-47D5-AB86-256F713B707D}.Release|Any CPU.Build.0 = Release|Any CPU
		{BEF0846C-6697-43CE-A188-0BDB14195CAC}.Debug|Any CPU.ActiveCfg = Debug|Any CPU
		{BEF0846C-6697-43CE-A188-0BDB14195CAC}.Debug|Any CPU.Build.0 = Debug|Any CPU
		{BEF0846C-6697-43CE-A188-0BDB14195CAC}.Release|Any CPU.ActiveCfg = Release|Any CPU
		{BEF0846C-6697-43CE-A188-0BDB14195CAC}.Release|Any CPU.Build.0 = Release|Any CPU
		{1BDF2A4D-7F65-4D91-A0BA-F4D0D2958F45}.Debug|Any CPU.ActiveCfg = Debug|Any CPU
		{1BDF2A4D-7F65-4D91-A0BA-F4D0D2958F45}.Debug|Any CPU.Build.0 = Debug|Any CPU
		{1BDF2A4D-7F65-4D91-A0BA-F4D0D2958F45}.Release|Any CPU.ActiveCfg = Release|Any CPU
		{1BDF2A4D-7F65-4D91-A0BA-F4D0D2958F45}.Release|Any CPU.Build.0 = Release|Any CPU
	EndGlobalSection
	GlobalSection(SolutionProperties) = preSolution
		HideSolutionNode = FALSE
	EndGlobalSection
	GlobalSection(NestedProjects) = preSolution
		{20B127D4-593E-48D3-A4C1-EE82DD59CF10} = {EC17AE34-9D6E-4C1E-BCE7-AB3AE2860A1F}
		{FFE2E485-38CB-4BB4-A758-D7C9A4EBA275} = {2C7E29B2-9888-4912-85A5-11381D45304D}
		{4933E939-437D-47D5-AB86-256F713B707D} = {DF4AB08D-3290-4153-B54B-C13F754C1806}
		{BEF0846C-6697-43CE-A188-0BDB14195CAC} = {72E9041E-DC70-46CB-9754-8B7CDA7F59E4}
		{1BDF2A4D-7F65-4D91-A0BA-F4D0D2958F45} = {89A9FE59-B147-428B-88FF-B5EA98F6B33A}
	EndGlobalSection
	GlobalSection(ExtensibilityGlobals) = postSolution
		SolutionGuid = {DEF3E547-8244-42C3-AD0D-F3A76EF91223}
	EndGlobalSection
EndGlobal
